<?xml version="1.0" encoding="utf-8"?>
<Project ToolsVersion="4.0" xmlns="http://schemas.microsoft.com/developer/msbuild/2003">
  <ItemGroup>
    <Filter Include="Source Files">
      <UniqueIdentifier>{4FC737F1-C7A5-4376-A066-2A32D752A2FF}</UniqueIdentifier>
      <Extensions>cpp;c;cc;cxx;def;odl;idl;hpj;bat;asm;asmx</Extensions>
    </Filter>
    <Filter Include="Header Files">
      <UniqueIdentifier>{93995380-89BD-4b04-88EB-625FBE52EBFB}</UniqueIdentifier>
      <Extensions>h;hh;hpp;hxx;hm;inl;inc;xsd</Extensions>
    </Filter>
    <Filter Include="Resource Files">
      <UniqueIdentifier>{67DA6AB6-F800-4c08-8B7A-83BB121AAD01}</UniqueIdentifier>
      <Extensions>rc;ico;cur;bmp;dlg;rc2;rct;bin;rgs;gif;jpg;jpeg;jpe;resx;tiff;tif;png;wav</Extensions>
    </Filter>
  </ItemGroup>
  <ItemGroup>
    <ClCompile Include="core\Particle.cpp">
      <Filter>Source Files</Filter>
    </ClCompile>
    <ClCompile Include="core\ParticleCaching.cpp">
      <Filter>Source Files</Filter>
    </ClCompile>
    <ClCompile Include="core\ParticleHeaders.cpp">
      <Filter>Source Files</Filter>
    </ClCompile>
    <ClCompile Include="core\ParticleSimple.cpp">
      <Filter>Source Files</Filter>
    </ClCompile>
    <ClCompile Include="core\ParticleSimpleInterleave.cpp">
      <Filter>Source Files</Filter>
    </ClCompile>
    <ClCompile Include="io\BGEO.cpp">
      <Filter>Source Files</Filter>
    </ClCompile>
    <ClCompile Include="io\BIN.cpp">
      <Filter>Source Files</Filter>
    </ClCompile>
    <ClCompile Include="io\GEO.cpp">
      <Filter>Source Files</Filter>
    </ClCompile>
    <ClCompile Include="io\MC.cpp">
      <Filter>Source Files</Filter>
    </ClCompile>
    <ClCompile Include="io\ParticleIO.cpp">
      <Filter>Source Files</Filter>
    </ClCompile>
    <ClCompile Include="io\PDA.cpp">
      <Filter>Source Files</Filter>
    </ClCompile>
    <ClCompile Include="io\PDB.cpp">
      <Filter>Source Files</Filter>
    </ClCompile>
    <ClCompile Include="io\PDC.cpp">
      <Filter>Source Files</Filter>
    </ClCompile>
    <ClCompile Include="io\PRT.cpp">
      <Filter>Source Files</Filter>
    </ClCompile>
    <ClCompile Include="io\PTC.cpp">
      <Filter>Source Files</Filter>
    </ClCompile>
    <ClCompile Include="io\PTS.cpp">
      <Filter>Source Files</Filter>
    </ClCompile>
    <ClCompile Include="io\RIB.cpp">
      <Filter>Source Files</Filter>
    </ClCompile>
    <ClCompile Include="io\ZIP.cpp">
      <Filter>Source Files</Filter>
    </ClCompile>
    <ClCompile Include="main.cpp">
      <Filter>Source Files</Filter>
    </ClCompile>
  </ItemGroup>
  <ItemGroup>
    <ClInclude Include="Partio.h">
      <Filter>Header Files</Filter>
    </ClInclude>
    <ClInclude Include="PartioAttribute.h">
      <Filter>Header Files</Filter>
    </ClInclude>
    <ClInclude Include="PartioIterator.h">
      <Filter>Header Files</Filter>
    </ClInclude>
    <ClInclude Include="PartioVec3.h">
      <Filter>Header Files</Filter>
    </ClInclude>
    <ClInclude Include="core\KdTree.h">
      <Filter>Header Files</Filter>
    </ClInclude>
    <ClInclude Include="core\Mutex.h">
      <Filter>Header Files</Filter>
    </ClInclude>
    <ClInclude Include="core\ParticleCaching.h">
      <Filter>Header Files</Filter>
    </ClInclude>
    <ClInclude Include="core\ParticleHeaders.h">
      <Filter>Header Files</Filter>
    </ClInclude>
    <ClInclude Include="core\ParticleSimple.h">
      <Filter>Header Files</Filter>
    </ClInclude>
    <ClInclude Include="core\ParticleSimpleInterleave.h">
      <Filter>Header Files</Filter>
    </ClInclude>
    <ClInclude Include="io\half2float.h">
      <Filter>Header Files</Filter>
    </ClInclude>
    <ClInclude Include="io\io.h">
      <Filter>Header Files</Filter>
    </ClInclude>
    <ClInclude Include="io\PartioEndian.h">
      <Filter>Header Files</Filter>
    </ClInclude>
    <ClInclude Include="io\pdb.h">
      <Filter>Header Files</Filter>
    </ClInclude>
    <ClInclude Include="io\readers.h">
      <Filter>Header Files</Filter>
    </ClInclude>
    <ClInclude Include="io\ZIP.h">
      <Filter>Header Files</Filter>
    </ClInclude>
  </ItemGroup>
</Project>